
Microsoft Visual Studio Solution File, Format Version 12.00
# Visual Studio Version 17
VisualStudioVersion = 17.7.34031.279
MinimumVisualStudioVersion = 10.0.40219.1
Project("{9A19103F-16F7-4668-BE54-9A1E7A4F7556}") = "LaraCroft", "LaraCroft\LaraCroft.csproj", "{BB5E526F-D9AD-4F37-94AB-3F277138DA7A}"
EndProject
Project("{9A19103F-16F7-4668-BE54-9A1E7A4F7556}") = "Common", "Common\Common.csproj", "{059B1D1C-757D-4168-8D3E-BD40597FC20F}"
EndProject
Project("{9A19103F-16F7-4668-BE54-9A1E7A4F7556}") = "ConsoleApp", "ConsoleApp\ConsoleApp.csproj", "{DA493A85-48A2-489C-8215-811E5522EE04}"
EndProject
Global
	GlobalSection(SolutionConfigurationPlatforms) = preSolution
		Debug|Any CPU = Debug|Any CPU
		Release|Any CPU = Release|Any CPU
	EndGlobalSection
	GlobalSection(ProjectConfigurationPlatforms) = postSolution
		{BB5E526F-D9AD-4F37-94AB-3F277138DA7A}.Debug|Any CPU.ActiveCfg = Debug|Any CPU
		{BB5E526F-D9AD-4F37-94AB-3F277138DA7A}.Debug|Any CPU.Build.0 = Debug|Any CPU
		{BB5E526F-D9AD-4F37-94AB-3F277138DA7A}.Release|Any CPU.ActiveCfg = Release|Any CPU
		{BB5E526F-D9AD-4F37-94AB-3F277138DA7A}.Release|Any CPU.Build.0 = Release|Any CPU
		{059B1D1C-757D-4168-8D3E-BD40597FC20F}.Debug|Any CPU.ActiveCfg = Debug|Any CPU
		{059B1D1C-757D-4168-8D3E-BD40597FC20F}.Debug|Any CPU.Build.0 = Debug|Any CPU
		{059B1D1C-757D-4168-8D3E-BD40597FC20F}.Release|Any CPU.ActiveCfg = Release|Any CPU
		{059B1D1C-757D-4168-8D3E-BD40597FC20F}.Release|Any CPU.Build.0 = Release|Any CPU
		{DA493A85-48A2-489C-8215-811E5522EE04}.Debug|Any CPU.ActiveCfg = Debug|Any CPU
		{DA493A85-48A2-489C-8215-811E5522EE04}.Debug|Any CPU.Build.0 = Debug|Any CPU
		{DA493A85-48A2-489C-8215-811E5522EE04}.Release|Any CPU.ActiveCfg = Release|Any CPU
		{DA493A85-48A2-489C-8215-811E5522EE04}.Release|Any CPU.Build.0 = Release|Any CPU
	EndGlobalSection
	GlobalSection(SolutionProperties) = preSolution
		HideSolutionNode = FALSE
	EndGlobalSection
	GlobalSection(ExtensibilityGlobals) = postSolution
		SolutionGuid = {FE223A5F-B0B5-40A8-9397-33BF717642F1}
	EndGlobalSection
EndGlobal
